
Microsoft Visual Studio Solution File, Format Version 12.00
# Visual Studio Version 16
VisualStudioVersion = 16.0.31025.194
MinimumVisualStudioVersion = 10.0.40219.1
Project("{FAE04EC0-301F-11D3-BF4B-00C04F79EFBC}") = "BreakCamelCase", "BreakCamelCase\BreakCamelCase.csproj", "{6F2E83C8-43F3-439A-9318-31C9298D839A}"
EndProject
Global
	GlobalSection(SolutionConfigurationPlatforms) = preSolution
		Debug|Any CPU = Debug|Any CPU
		Release|Any CPU = Release|Any CPU
	EndGlobalSection
	GlobalSection(ProjectConfigurationPlatforms) = postSolution
		{6F2E83C8-43F3-439A-9318-31C9298D839A}.Debug|Any CPU.ActiveCfg = Debug|Any CPU
		{6F2E83C8-43F3-439A-9318-31C9298D839A}.Debug|Any CPU.Build.0 = Debug|Any CPU
		{6F2E83C8-43F3-439A-9318-31C9298D839A}.Release|Any CPU.ActiveCfg = Release|Any CPU
		{6F2E83C8-43F3-439A-9318-31C9298D839A}.Release|Any CPU.Build.0 = Release|Any CPU
	EndGlobalSection
	GlobalSection(SolutionProperties) = preSolution
		HideSolutionNode = FALSE
	EndGlobalSection
	GlobalSection(ExtensibilityGlobals) = postSolution
		SolutionGuid = {4BB66864-2008-49EB-BFE8-782F2F67598B}
	EndGlobalSection
EndGlobal
